
Microsoft Visual Studio Solution File, Format Version 12.00
# Visual Studio Version 17
VisualStudioVersion = 17.4.33213.308
MinimumVisualStudioVersion = 10.0.40219.1
Project("{FAE04EC0-301F-11D3-BF4B-00C04F79EFBC}") = "ExamSystem", "ExamSystem.csproj", "{B6663F87-9EF2-4BE7-B1E1-3555B8F97374}"
EndProject
Global
	GlobalSection(SolutionConfigurationPlatforms) = preSolution
		Debug|Any CPU = Debug|Any CPU
		Release|Any CPU = Release|Any CPU
	EndGlobalSection
	GlobalSection(ProjectConfigurationPlatforms) = postSolution
		{B6663F87-9EF2-4BE7-B1E1-3555B8F97374}.Debug|Any CPU.ActiveCfg = Debug|Any CPU
		{B6663F87-9EF2-4BE7-B1E1-3555B8F97374}.Debug|Any CPU.Build.0 = Debug|Any CPU
		{B6663F87-9EF2-4BE7-B1E1-3555B8F97374}.Release|Any CPU.ActiveCfg = Release|Any CPU
		{B6663F87-9EF2-4BE7-B1E1-3555B8F97374}.Release|Any CPU.Build.0 = Release|Any CPU
	EndGlobalSection
	GlobalSection(SolutionProperties) = preSolution
		HideSolutionNode = FALSE
	EndGlobalSection
	GlobalSection(ExtensibilityGlobals) = postSolution
		SolutionGuid = {D1A10AE8-53AE-499E-89AB-E170337994E0}
	EndGlobalSection
EndGlobal
